
Microsoft Visual Studio Solution File, Format Version 12.00
# Visual Studio Version 17
VisualStudioVersion = 17.0.31903.59
MinimumVisualStudioVersion = 10.0.40219.1
Project("{FAE04EC0-301F-11D3-BF4B-00C04F79EFBC}") = "MCPSample", "MCPSample\MCPSample.csproj", "{12182161-9CE3-4337-B69A-B1E0A2F826EB}"
EndProject
Project("{2150E333-8FDC-42A3-9474-1A3956D46DE8}") = "MCPSample", "MCPSample", "{A1168B6F-1662-4E63-835D-420656665C94}"
EndProject
Project("{FAE04EC0-301F-11D3-BF4B-00C04F79EFBC}") = "MCPClient", "MCPSample\MCPClient\MCPClient.csproj", "{AB631D90-B915-4E89-B647-1AF86B966A3A}"
EndProject
Global
	GlobalSection(SolutionConfigurationPlatforms) = preSolution
		Debug|Any CPU = Debug|Any CPU
		Release|Any CPU = Release|Any CPU
	EndGlobalSection
	GlobalSection(SolutionProperties) = preSolution
		HideSolutionNode = FALSE
	EndGlobalSection
	GlobalSection(ProjectConfigurationPlatforms) = postSolution
		{12182161-9CE3-4337-B69A-B1E0A2F826EB}.Debug|Any CPU.ActiveCfg = Debug|Any CPU
		{12182161-9CE3-4337-B69A-B1E0A2F826EB}.Debug|Any CPU.Build.0 = Debug|Any CPU
		{12182161-9CE3-4337-B69A-B1E0A2F826EB}.Release|Any CPU.ActiveCfg = Release|Any CPU
		{12182161-9CE3-4337-B69A-B1E0A2F826EB}.Release|Any CPU.Build.0 = Release|Any CPU
		{AB631D90-B915-4E89-B647-1AF86B966A3A}.Debug|Any CPU.ActiveCfg = Debug|Any CPU
		{AB631D90-B915-4E89-B647-1AF86B966A3A}.Debug|Any CPU.Build.0 = Debug|Any CPU
		{AB631D90-B915-4E89-B647-1AF86B966A3A}.Release|Any CPU.ActiveCfg = Release|Any CPU
		{AB631D90-B915-4E89-B647-1AF86B966A3A}.Release|Any CPU.Build.0 = Release|Any CPU
	EndGlobalSection
	GlobalSection(NestedProjects) = preSolution
		{12182161-9CE3-4337-B69A-B1E0A2F826EB} = {A1168B6F-1662-4E63-835D-420656665C94}
		{AB631D90-B915-4E89-B647-1AF86B966A3A} = {A1168B6F-1662-4E63-835D-420656665C94}
	EndGlobalSection
EndGlobal
