Microsoft Visual Studio Solution File, Format Version 12.00
# Visual Studio Version 17
VisualStudioVersion = 17.13.35931.197
MinimumVisualStudioVersion = 10.0.40219.1
Project("{FAE04EC0-301F-11D3-BF4B-00C04F79EFBC}") = "RemoteMcp", "RemoteMcp\RemoteMcp.csproj", "{CAF4F70C-DE96-44F9-BDDF-A5BE5874ED40}"
EndProject
Global
	GlobalSection(SolutionConfigurationPlatforms) = preSolution
		Debug|Any CPU = Debug|Any CPU
		Release|Any CPU = Release|Any CPU
	EndGlobalSection
	GlobalSection(ProjectConfigurationPlatforms) = postSolution
		{CAF4F70C-DE96-44F9-BDDF-A5BE5874ED40}.Debug|Any CPU.ActiveCfg = Debug|Any CPU
		{CAF4F70C-DE96-44F9-BDDF-A5BE5874ED40}.Debug|Any CPU.Build.0 = Debug|Any CPU
		{CAF4F70C-DE96-44F9-BDDF-A5BE5874ED40}.Release|Any CPU.ActiveCfg = Release|Any CPU
		{CAF4F70C-DE96-44F9-BDDF-A5BE5874ED40}.Release|Any CPU.Build.0 = Release|Any CPU
	EndGlobalSection
	GlobalSection(SolutionProperties) = preSolution
		HideSolutionNode = FALSE
	EndGlobalSection
	GlobalSection(ExtensibilityGlobals) = postSolution
		SolutionGuid = {102C15D7-2921-483A-AB1C-6168358141F6}
	EndGlobalSection
EndGlobal
